{
	"name": "javascript--projecamazont",
	"version": "1.0.0",
	"lockfileVersion": 2,
	"requires": true,
	"packages": {
		"": {
			"name": "javascript--projecamazont",
			"version": "1.0.0",
			"license": "ISC",
			"dependencies": {
				"dayjs": "^1.11.10",
				"uuid": "^9.0.1"
			}
		},
		"node_modules/dayjs": {
			"version": "1.11.10",
			"resolved": "https://registry.npmjs.org/dayjs/-/dayjs-1.11.10.tgz",
			"integrity": "sha512-vjAczensTgRcqDERK0SR2XMwsF/tSvnvlv6VcF2GIhg6Sx4yOIt/irsr1RDJsKiIyBzJDpCoXiWWq28MqH2cnQ=="
		},
		"node_modules/uuid": {
			"version": "9.0.1",
			"resolved": "https://registry.npmjs.org/uuid/-/uuid-9.0.1.tgz",
			"integrity": "sha512-b+1eJOlsR9K8HJpow9Ok3fiWOWSIcIzXodvv0rQjVoOVNpWMpxf1wZNpt4y9h10odCNrqnYp1OBzRktckBe3sA==",
			"funding": [
				"https://github.com/sponsors/broofa",
				"https://github.com/sponsors/ctavan"
			],
			"bin": {
				"uuid": "dist/bin/uuid"
			}
		}
	},
	"dependencies": {
		"dayjs": {
			"version": "1.11.10",
			"resolved": "https://registry.npmjs.org/dayjs/-/dayjs-1.11.10.tgz",
			"integrity": "sha512-vjAczensTgRcqDERK0SR2XMwsF/tSvnvlv6VcF2GIhg6Sx4yOIt/irsr1RDJsKiIyBzJDpCoXiWWq28MqH2cnQ=="
		},
		"uuid": {
			"version": "9.0.1",
			"resolved": "https://registry.npmjs.org/uuid/-/uuid-9.0.1.tgz",
			"integrity": "sha512-b+1eJOlsR9K8HJpow9Ok3fiWOWSIcIzXodvv0rQjVoOVNpWMpxf1wZNpt4y9h10odCNrqnYp1OBzRktckBe3sA=="
		}
	}
}
